
Microsoft Visual Studio Solution File, Format Version 12.00
# Visual Studio Express 2012 for Windows Desktop
Project("{FAE04EC0-301F-11D3-BF4B-00C04F79EFBC}") = "JuegoMarmota", "JuegoMarmota\JuegoMarmota.csproj", "{AECB91C0-914F-4C7C-91F9-FFFEB91D813B}"
EndProject
Global
	GlobalSection(SolutionConfigurationPlatforms) = preSolution
		Debug|Any CPU = Debug|Any CPU
		Release|Any CPU = Release|Any CPU
	EndGlobalSection
	GlobalSection(ProjectConfigurationPlatforms) = postSolution
		{AECB91C0-914F-4C7C-91F9-FFFEB91D813B}.Debug|Any CPU.ActiveCfg = Debug|Any CPU
		{AECB91C0-914F-4C7C-91F9-FFFEB91D813B}.Debug|Any CPU.Build.0 = Debug|Any CPU
		{AECB91C0-914F-4C7C-91F9-FFFEB91D813B}.Release|Any CPU.ActiveCfg = Release|Any CPU
		{AECB91C0-914F-4C7C-91F9-FFFEB91D813B}.Release|Any CPU.Build.0 = Release|Any CPU
	EndGlobalSection
	GlobalSection(SolutionProperties) = preSolution
		HideSolutionNode = FALSE
	EndGlobalSection
EndGlobal
